
Microsoft Visual Studio Solution File, Format Version 12.00
# Visual Studio Version 16
VisualStudioVersion = 16.0.30907.101
MinimumVisualStudioVersion = 10.0.40219.1
Project("{FAE04EC0-301F-11D3-BF4B-00C04F79EFBC}") = "ExternalAuth-BE", "ExternalAuth-BE\ExternalAuth-BE.csproj", "{877B9BEF-0ADB-4983-AA0C-CD940EE75A52}"
EndProject
Global
	GlobalSection(SolutionConfigurationPlatforms) = preSolution
		Debug|Any CPU = Debug|Any CPU
		Release|Any CPU = Release|Any CPU
	EndGlobalSection
	GlobalSection(ProjectConfigurationPlatforms) = postSolution
		{877B9BEF-0ADB-4983-AA0C-CD940EE75A52}.Debug|Any CPU.ActiveCfg = Debug|Any CPU
		{877B9BEF-0ADB-4983-AA0C-CD940EE75A52}.Debug|Any CPU.Build.0 = Debug|Any CPU
		{877B9BEF-0ADB-4983-AA0C-CD940EE75A52}.Release|Any CPU.ActiveCfg = Release|Any CPU
		{877B9BEF-0ADB-4983-AA0C-CD940EE75A52}.Release|Any CPU.Build.0 = Release|Any CPU
	EndGlobalSection
	GlobalSection(SolutionProperties) = preSolution
		HideSolutionNode = FALSE
	EndGlobalSection
	GlobalSection(ExtensibilityGlobals) = postSolution
		SolutionGuid = {ACCE46A3-0F82-4096-B049-CB9E7D2FA3B4}
	EndGlobalSection
EndGlobal
